
Microsoft Visual Studio Solution File, Format Version 12.00
# Visual Studio 15
VisualStudioVersion = 15.0.28010.2003
MinimumVisualStudioVersion = 10.0.40219.1
Project("{FAE04EC0-301F-11D3-BF4B-00C04F79EFBC}") = "LionsEventTracker", "LionsEventTracker\LionsEventTracker.csproj", "{7B3F7F81-231F-4D3D-8477-FAA1F6E1E0A4}"
EndProject
Global
	GlobalSection(SolutionConfigurationPlatforms) = preSolution
		Debug|Any CPU = Debug|Any CPU
		Release|Any CPU = Release|Any CPU
	EndGlobalSection
	GlobalSection(ProjectConfigurationPlatforms) = postSolution
		{7B3F7F81-231F-4D3D-8477-FAA1F6E1E0A4}.Debug|Any CPU.ActiveCfg = Debug|Any CPU
		{7B3F7F81-231F-4D3D-8477-FAA1F6E1E0A4}.Debug|Any CPU.Build.0 = Debug|Any CPU
		{7B3F7F81-231F-4D3D-8477-FAA1F6E1E0A4}.Release|Any CPU.ActiveCfg = Release|Any CPU
		{7B3F7F81-231F-4D3D-8477-FAA1F6E1E0A4}.Release|Any CPU.Build.0 = Release|Any CPU
	EndGlobalSection
	GlobalSection(SolutionProperties) = preSolution
		HideSolutionNode = FALSE
	EndGlobalSection
	GlobalSection(ExtensibilityGlobals) = postSolution
		SolutionGuid = {D63DBEDC-89BC-4EC0-B7CA-5DCEB324EE93}
	EndGlobalSection
EndGlobal
